
Microsoft Visual Studio Solution File, Format Version 12.00
# Visual Studio Version 16
VisualStudioVersion = 16.0.31129.286
MinimumVisualStudioVersion = 10.0.40219.1
Project("{FAE04EC0-301F-11D3-BF4B-00C04F79EFBC}") = "ReposUploader", "ReposUploader\ReposUploader.csproj", "{C70701BC-ECE9-4474-9266-F7AFE16DF81B}"
EndProject
Project("{FAE04EC0-301F-11D3-BF4B-00C04F79EFBC}") = "ReposUpdate", "ReposUpdate\ReposUpdate.csproj", "{C3CBD793-03AC-40CC-9715-5C2AC492AC9A}"
EndProject
Project("{FAE04EC0-301F-11D3-BF4B-00C04F79EFBC}") = "CommonTypes", "..\CommonTypes\CommonTypes.csproj", "{FE12A8BF-B5FB-429C-AD34-90E958BB9243}"
EndProject
Global
	GlobalSection(SolutionConfigurationPlatforms) = preSolution
		Debug|Any CPU = Debug|Any CPU
		Release|Any CPU = Release|Any CPU
	EndGlobalSection
	GlobalSection(ProjectConfigurationPlatforms) = postSolution
		{C70701BC-ECE9-4474-9266-F7AFE16DF81B}.Debug|Any CPU.ActiveCfg = Debug|Any CPU
		{C70701BC-ECE9-4474-9266-F7AFE16DF81B}.Debug|Any CPU.Build.0 = Debug|Any CPU
		{C70701BC-ECE9-4474-9266-F7AFE16DF81B}.Release|Any CPU.ActiveCfg = Release|Any CPU
		{C70701BC-ECE9-4474-9266-F7AFE16DF81B}.Release|Any CPU.Build.0 = Release|Any CPU
		{C3CBD793-03AC-40CC-9715-5C2AC492AC9A}.Debug|Any CPU.ActiveCfg = Debug|Any CPU
		{C3CBD793-03AC-40CC-9715-5C2AC492AC9A}.Debug|Any CPU.Build.0 = Debug|Any CPU
		{C3CBD793-03AC-40CC-9715-5C2AC492AC9A}.Release|Any CPU.ActiveCfg = Release|Any CPU
		{C3CBD793-03AC-40CC-9715-5C2AC492AC9A}.Release|Any CPU.Build.0 = Release|Any CPU
		{FE12A8BF-B5FB-429C-AD34-90E958BB9243}.Debug|Any CPU.ActiveCfg = Debug|Any CPU
		{FE12A8BF-B5FB-429C-AD34-90E958BB9243}.Debug|Any CPU.Build.0 = Debug|Any CPU
		{FE12A8BF-B5FB-429C-AD34-90E958BB9243}.Release|Any CPU.ActiveCfg = Release|Any CPU
		{FE12A8BF-B5FB-429C-AD34-90E958BB9243}.Release|Any CPU.Build.0 = Release|Any CPU
	EndGlobalSection
	GlobalSection(SolutionProperties) = preSolution
		HideSolutionNode = FALSE
	EndGlobalSection
	GlobalSection(ExtensibilityGlobals) = postSolution
		SolutionGuid = {8F5E23DF-A229-4CC1-93DB-F550A00E42DC}
	EndGlobalSection
EndGlobal
